Microsoft Visual Studio Solution File, Format Version 12.00
# Visual Studio Version 17
VisualStudioVersion = 17.5.2.0
MinimumVisualStudioVersion = 10.0.40219.1
Project("{FAE04EC0-301F-11D3-BF4B-00C04F79EFBC}") = "backend", "backend\backend.csproj", "{B5CEE1AB-68C5-FCEC-EA61-653FFB609ED2}"
EndProject
Project("{FAE04EC0-301F-11D3-BF4B-00C04F79EFBC}") = "InventoryService", "InventoryService\InventoryService.csproj", "{091578C1-6C28-3185-2839-F0C07C55C3F2}"
EndProject
Project("{FAE04EC0-301F-11D3-BF4B-00C04F79EFBC}") = "OrderService", "OrderService\OrderService.csproj", "{6BCC5D4C-DCFD-F350-0302-6CEEC93FCB6D}"
EndProject
Project("{FAE04EC0-301F-11D3-BF4B-00C04F79EFBC}") = "Shared", "Shared\Shared.csproj", "{CD167B5A-895D-4FDA-A92B-5CF39396D547}"
EndProject
Global
	GlobalSection(SolutionConfigurationPlatforms) = preSolution
		Debug|Any CPU = Debug|Any CPU
		Release|Any CPU = Release|Any CPU
	EndGlobalSection
	GlobalSection(ProjectConfigurationPlatforms) = postSolution
		{B5CEE1AB-68C5-FCEC-EA61-653FFB609ED2}.Debug|Any CPU.ActiveCfg = Debug|Any CPU
		{B5CEE1AB-68C5-FCEC-EA61-653FFB609ED2}.Debug|Any CPU.Build.0 = Debug|Any CPU
		{B5CEE1AB-68C5-FCEC-EA61-653FFB609ED2}.Release|Any CPU.ActiveCfg = Release|Any CPU
		{B5CEE1AB-68C5-FCEC-EA61-653FFB609ED2}.Release|Any CPU.Build.0 = Release|Any CPU
		{091578C1-6C28-3185-2839-F0C07C55C3F2}.Debug|Any CPU.ActiveCfg = Debug|Any CPU
		{091578C1-6C28-3185-2839-F0C07C55C3F2}.Debug|Any CPU.Build.0 = Debug|Any CPU
		{091578C1-6C28-3185-2839-F0C07C55C3F2}.Release|Any CPU.ActiveCfg = Release|Any CPU
		{091578C1-6C28-3185-2839-F0C07C55C3F2}.Release|Any CPU.Build.0 = Release|Any CPU
		{6BCC5D4C-DCFD-F350-0302-6CEEC93FCB6D}.Debug|Any CPU.ActiveCfg = Debug|Any CPU
		{6BCC5D4C-DCFD-F350-0302-6CEEC93FCB6D}.Debug|Any CPU.Build.0 = Debug|Any CPU
		{6BCC5D4C-DCFD-F350-0302-6CEEC93FCB6D}.Release|Any CPU.ActiveCfg = Release|Any CPU
		{6BCC5D4C-DCFD-F350-0302-6CEEC93FCB6D}.Release|Any CPU.Build.0 = Release|Any CPU
		{CD167B5A-895D-4FDA-A92B-5CF39396D547}.Debug|Any CPU.ActiveCfg = Debug|Any CPU
		{CD167B5A-895D-4FDA-A92B-5CF39396D547}.Debug|Any CPU.Build.0 = Debug|Any CPU
		{CD167B5A-895D-4FDA-A92B-5CF39396D547}.Release|Any CPU.ActiveCfg = Release|Any CPU
		{CD167B5A-895D-4FDA-A92B-5CF39396D547}.Release|Any CPU.Build.0 = Release|Any CPU
	EndGlobalSection
	GlobalSection(SolutionProperties) = preSolution
		HideSolutionNode = FALSE
	EndGlobalSection
	GlobalSection(ExtensibilityGlobals) = postSolution
		SolutionGuid = {6B89EA3A-675E-4FE4-9542-FA358E98F4AB}
	EndGlobalSection
EndGlobal
